
Microsoft Visual Studio Solution File, Format Version 12.00
# Visual Studio Version 17
VisualStudioVersion = 17.14.36717.8 d17.14
MinimumVisualStudioVersion = 10.0.40219.1
Project("{8BC9CEB8-8B4A-11D0-8D11-00A0C91BC942}") = "cosu-trainer", "cosu-trainer.vcxproj", "{B1D60FDC-52D5-4DA2-904B-621CBA04E9C5}"
EndProject
Global
	GlobalSection(SolutionConfigurationPlatforms) = preSolution
		Debug|x64 = Debug|x64
		Debug|x86 = Debug|x86
		Release|x64 = Release|x64
		Release|x86 = Release|x86
	EndGlobalSection
	GlobalSection(ProjectConfigurationPlatforms) = postSolution
		{B1D60FDC-52D5-4DA2-904B-621CBA04E9C5}.Debug|x64.ActiveCfg = Debug|x64
		{B1D60FDC-52D5-4DA2-904B-621CBA04E9C5}.Debug|x64.Build.0 = Debug|x64
		{B1D60FDC-52D5-4DA2-904B-621CBA04E9C5}.Debug|x86.ActiveCfg = Debug|Win32
		{B1D60FDC-52D5-4DA2-904B-621CBA04E9C5}.Debug|x86.Build.0 = Debug|Win32
		{B1D60FDC-52D5-4DA2-904B-621CBA04E9C5}.Release|x64.ActiveCfg = Release|x64
		{B1D60FDC-52D5-4DA2-904B-621CBA04E9C5}.Release|x64.Build.0 = Release|x64
		{B1D60FDC-52D5-4DA2-904B-621CBA04E9C5}.Release|x86.ActiveCfg = Release|Win32
		{B1D60FDC-52D5-4DA2-904B-621CBA04E9C5}.Release|x86.Build.0 = Release|Win32
	EndGlobalSection
	GlobalSection(SolutionProperties) = preSolution
		HideSolutionNode = FALSE
	EndGlobalSection
	GlobalSection(ExtensibilityGlobals) = postSolution
		SolutionGuid = {692F3D2C-B557-4169-AEC4-104A69E06E1F}
	EndGlobalSection
EndGlobal
